
Microsoft Visual Studio Solution File, Format Version 12.00
# Visual Studio 14
VisualStudioVersion = 14.0.25420.1
MinimumVisualStudioVersion = 10.0.40219.1
Project("{FAE04EC0-301F-11D3-BF4B-00C04F79EFBC}") = "TestGitHub", "TestGitHub.csproj", "{F5F0D13E-B01B-4F47-87B5-D47E7BAEAB30}"
EndProject
Project("{2150E333-8FDC-42A3-9474-1A3956D46DE8}") = "Solution Items", "Solution Items", "{9A277CD5-E8F3-4B31-B83C-40E315F2C3D0}"
EndProject
Global
	GlobalSection(SolutionConfigurationPlatforms) = preSolution
		Debug|Any CPU = Debug|Any CPU
		Release|Any CPU = Release|Any CPU
	EndGlobalSection
	GlobalSection(ProjectConfigurationPlatforms) = postSolution
		{F5F0D13E-B01B-4F47-87B5-D47E7BAEAB30}.Debug|Any CPU.ActiveCfg = Debug|Any CPU
		{F5F0D13E-B01B-4F47-87B5-D47E7BAEAB30}.Debug|Any CPU.Build.0 = Debug|Any CPU
		{F5F0D13E-B01B-4F47-87B5-D47E7BAEAB30}.Release|Any CPU.ActiveCfg = Release|Any CPU
		{F5F0D13E-B01B-4F47-87B5-D47E7BAEAB30}.Release|Any CPU.Build.0 = Release|Any CPU
	EndGlobalSection
	GlobalSection(SolutionProperties) = preSolution
		HideSolutionNode = FALSE
	EndGlobalSection
EndGlobal
